// !$*UTF8*$!
{
	archiveVersion = 1;
	classes = {
	};
	objectVersion = 48;
	objects = {

/* Begin PBXBuildFile section */
		7AD7200B207C5E58004067FD /* AppDelegate.swift in Sources */ = {isa = PBXBuildFile; fileRef = 7AD7200A207C5E58004067FD /* AppDelegate.swift */; };
		7AD7200D207C5E58004067FD /* ViewController.swift in Sources */ = {isa = PBXBuildFile; fileRef = 7AD7200C207C5E58004067FD /* ViewController.swift */; };
		7AD72010207C5E58004067FD /* Main.storyboard in Resources */ = {isa = PBXBuildFile; fileRef = 7AD7200E207C5E58004067FD /* Main.storyboard */; };
		7AD72012207C5E58004067FD /* Assets.xcassets in Resources */ = {isa = PBXBuildFile; fileRef = 7AD72011207C5E58004067FD /* Assets.xcassets */; };
		7AD72015207C5E58004067FD /* LaunchScreen.storyboard in Resources */ = {isa = PBXBuildFile; fileRef = 7AD72013207C5E58004067FD /* LaunchScreen.storyboard */; };
		7AD72020207C5E58004067FD /* yuanhuTests.swift in Sources */ = {isa = PBXBuildFile; fileRef = 7AD7201F207C5E58004067FD /* yuanhuTests.swift */; };
		7AD7202B207C5E58004067FD /* yuanhuUITests.swift in Sources */ = {isa = PBXBuildFile; fileRef = 7AD7202A207C5E58004067FD /* yuanhuUITests.swift */; };
		7AD720C6207DA982004067FD /* FCCycleView.swift in Sources */ = {isa = PBXBuildFile; fileRef = 7AD720C5207DA982004067FD /* FCCycleView.swift */; };
/* End PBXBuildFile section */

/* Begin PBXContainerItemProxy section */
		7AD7201C207C5E58004067FD /* PBXContainerItemProxy */ = {
			isa = PBXContainerItemProxy;
			containerPortal = 7AD71FFF207C5E58004067FD /* Project object */;
			proxyType = 1;
			remoteGlobalIDString = 7AD72006207C5E58004067FD;
			remoteInfo = yuanhu;
		};
		7AD72027207C5E58004067FD /* PBXContainerItemProxy */ = {
			isa = PBXContainerItemProxy;
			containerPortal = 7AD71FFF207C5E58004067FD /* Project object */;
			proxyType = 1;
			remoteGlobalIDString = 7AD72006207C5E58004067FD;
			remoteInfo = yuanhu;
		};
/* End PBXContainerItemProxy section */

/* Begin PBXFileReference section */
		7AD72007207C5E58004067FD /* yuanhu.app */ = {isa = PBXFileReference; explicitFileType = wrapper.application; includeInIndex = 0; path = yuanhu.app; sourceTree = BUILT_PRODUCTS_DIR; };
		7AD7200A207C5E58004067FD /* AppDelegate.swift */ = {isa = PBXFileReference; lastKnownFileType = sourcecode.swift; path = AppDelegate.swift; sourceTree = "<group>"; };
		7AD7200C207C5E58004067FD /* ViewController.swift */ = {isa = PBXFileReference; lastKnownFileType = sourcecode.swift; path = ViewController.swift; sourceTree = "<group>"; };
		7AD7200F207C5E58004067FD /* Base */ = {isa = PBXFileReference; lastKnownFileType = file.storyboard; name = Base; path = Base.lproj/Main.storyboard; sourceTree = "<group>"; };
		7AD72011207C5E58004067FD /* Assets.xcassets */ = {isa = PBXFileReference; lastKnownFileType = folder.assetcatalog; path = Assets.xcassets; sourceTree = "<group>"; };
		7AD72014207C5E58004067FD /* Base */ = {isa = PBXFileReference; lastKnownFileType = file.storyboard; name = Base; path = Base.lproj/LaunchScreen.storyboard; sourceTree = "<group>"; };
		7AD72016207C5E58004067FD /* Info.plist */ = {isa = PBXFileReference; lastKnownFileType = text.plist.xml; path = Info.plist; sourceTree = "<group>"; };
		7AD7201B207C5E58004067FD /* yuanhuTests.xctest */ = {isa = PBXFileReference; explicitFileType = wrapper.cfbundle; includeInIndex = 0; path = yuanhuTests.xctest; sourceTree = BUILT_PRODUCTS_DIR; };
		7AD7201F207C5E58004067FD /* yuanhuTests.swift */ = {isa = PBXFileReference; lastKnownFileType = sourcecode.swift; path = yuanhuTests.swift; sourceTree = "<group>"; };
		7AD72021207C5E58004067FD /* Info.plist */ = {isa = PBXFileReference; lastKnownFileType = text.plist.xml; path = Info.plist; sourceTree = "<group>"; };
		7AD72026207C5E58004067FD /* yuanhuUITests.xctest */ = {isa = PBXFileReference; explicitFileType = wrapper.cfbundle; includeInIndex = 0; path = yuanhuUITests.xctest; sourceTree = BUILT_PRODUCTS_DIR; };
		7AD7202A207C5E58004067FD /* yuanhuUITests.swift */ = {isa = PBXFileReference; lastKnownFileType = sourcecode.swift; path = yuanhuUITests.swift; sourceTree = "<group>"; };
		7AD7202C207C5E58004067FD /* Info.plist */ = {isa = PBXFileReference; lastKnownFileType = text.plist.xml; path = Info.plist; sourceTree = "<group>"; };
		7AD720C5207DA982004067FD /* FCCycleView.swift */ = {isa = PBXFileReference; fileEncoding = 4; lastKnownFileType = sourcecode.swift; path = FCCycleView.swift; sourceTree = "<group>"; };
/* End PBXFileReference section */

/* Begin PBXFrameworksBuildPhase section */
		7AD72004207C5E58004067FD /* Frameworks */ = {
			isa = PBXFrameworksBuildPhase;
			buildActionMask = 2147483647;
			files = (
			);
			runOnlyForDeploymentPostprocessing = 0;
		};
		7AD72018207C5E58004067FD /* Frameworks */ = {
			isa = PBXFrameworksBuildPhase;
			buildActionMask = 2147483647;
			files = (
			);
			runOnlyForDeploymentPostprocessing = 0;
		};
		7AD72023207C5E58004067FD /* Frameworks */ = {
			isa = PBXFrameworksBuildPhase;
			buildActionMask = 2147483647;
			files = (
			);
			runOnlyForDeploymentPostprocessing = 0;
		};
/* End PBXFrameworksBuildPhase section */

/* Begin PBXGroup section */
		7AD71FFE207C5E58004067FD = {
			isa = PBXGroup;
			children = (
				7AD72009207C5E58004067FD /* yuanhu */,
				7AD7201E207C5E58004067FD /* yuanhuTests */,
				7AD72029207C5E58004067FD /* yuanhuUITests */,
				7AD72008207C5E58004067FD /* Products */,
			);
			sourceTree = "<group>";
		};
		7AD72008207C5E58004067FD /* Products */ = {
			isa = PBXGroup;
			children = (
				7AD72007207C5E58004067FD /* yuanhu.app */,
				7AD7201B207C5E58004067FD /* yuanhuTests.xctest */,
				7AD72026207C5E58004067FD /* yuanhuUITests.xctest */,
			);
			name = Products;
			sourceTree = "<group>";
		};
		7AD72009207C5E58004067FD /* yuanhu */ = {
			isa = PBXGroup;
			children = (
				7AD7200A207C5E58004067FD /* AppDelegate.swift */,
				7AD7200C207C5E58004067FD /* ViewController.swift */,
				7AD720C5207DA982004067FD /* FCCycleView.swift */,
				7AD7200E207C5E58004067FD /* Main.storyboard */,
				7AD72011207C5E58004067FD /* Assets.xcassets */,
				7AD72013207C5E58004067FD /* LaunchScreen.storyboard */,
				7AD72016207C5E58004067FD /* Info.plist */,
			);
			path = yuanhu;
			sourceTree = "<group>";
		};
		7AD7201E207C5E58004067FD /* yuanhuTests */ = {
			isa = PBXGroup;
			children = (
				7AD7201F207C5E58004067FD /* yuanhuTests.swift */,
				7AD72021207C5E58004067FD /* Info.plist */,
			);
			path = yuanhuTests;
			sourceTree = "<group>";
		};
		7AD72029207C5E58004067FD /* yuanhuUITests */ = {
			isa = PBXGroup;
			children = (
				7AD7202A207C5E58004067FD /* yuanhuUITests.swift */,
				7AD7202C207C5E58004067FD /* Info.plist */,
			);
			path = yuanhuUITests;
			sourceTree = "<group>";
		};
/* End PBXGroup section */

/* Begin PBXNativeTarget section */
		7AD72006207C5E58004067FD /* yuanhu */ = {
			isa = PBXNativeTarget;
			buildConfigurationList = 7AD7202F207C5E58004067FD /* Build configuration list for PBXNativeTarget "yuanhu" */;
			buildPhases = (
				7AD72003207C5E58004067FD /* Sources */,
				7AD72004207C5E58004067FD /* Frameworks */,
				7AD72005207C5E58004067FD /* Resources */,
			);
			buildRules = (
			);
			dependencies = (
			);
			name = yuanhu;
			productName = yuanhu;
			productReference = 7AD72007207C5E58004067FD /* yuanhu.app */;
			productType = "com.apple.product-type.application";
		};
		7AD7201A207C5E58004067FD /* yuanhuTests */ = {
			isa = PBXNativeTarget;
			buildConfigurationList = 7AD72032207C5E58004067FD /* Build configuration list for PBXNativeTarget "yuanhuTests" */;
			buildPhases = (
				7AD72017207C5E58004067FD /* Sources */,
				7AD72018207C5E58004067FD /* Frameworks */,
				7AD72019207C5E58004067FD /* Resources */,
			);
			buildRules = (
			);
			dependencies = (
				7AD7201D207C5E58004067FD /* PBXTargetDependency */,
			);
			name = yuanhuTests;
			productName = yuanhuTests;
			productReference = 7AD7201B207C5E58004067FD /* yuanhuTests.xctest */;
			productType = "com.apple.product-type.bundle.unit-test";
		};
		7AD72025207C5E58004067FD /* yuanhuUITests */ = {
			isa = PBXNativeTarget;
			buildConfigurationList = 7AD72035207C5E58004067FD /* Build configuration list for PBXNativeTarget "yuanhuUITests" */;
			buildPhases = (
				7AD72022207C5E58004067FD /* Sources */,
				7AD72023207C5E58004067FD /* Frameworks */,
				7AD72024207C5E58004067FD /* Resources */,
			);
			buildRules = (
			);
			dependencies = (
				7AD72028207C5E58004067FD /* PBXTargetDependency */,
			);
			name = yuanhuUITests;
			productName = yuanhuUITests;
			productReference = 7AD72026207C5E58004067FD /* yuanhuUITests.xctest */;
			productType = "com.apple.product-type.bundle.ui-testing";
		};
/* End PBXNativeTarget section */

/* Begin PBXProject section */
		7AD71FFF207C5E58004067FD /* Project object */ = {
			isa = PBXProject;
			attributes = {
				LastSwiftUpdateCheck = 0920;
				LastUpgradeCheck = 0920;
				ORGANIZATIONNAME = wyzw;
				TargetAttributes = {
					7AD72006207C5E58004067FD = {
						CreatedOnToolsVersion = 9.2;
						LastSwiftMigration = 0920;
						ProvisioningStyle = Automatic;
					};
					7AD7201A207C5E58004067FD = {
						CreatedOnToolsVersion = 9.2;
						ProvisioningStyle = Automatic;
						TestTargetID = 7AD72006207C5E58004067FD;
					};
					7AD72025207C5E58004067FD = {
						CreatedOnToolsVersion = 9.2;
						ProvisioningStyle = Automatic;
						TestTargetID = 7AD72006207C5E58004067FD;
					};
				};
			};
			buildConfigurationList = 7AD72002207C5E58004067FD /* Build configuration list for PBXProject "yuanhu" */;
			compatibilityVersion = "Xcode 8.0";
			developmentRegion = en;
			hasScannedForEncodings = 0;
			knownRegions = (
				en,
				Base,
			);
			mainGroup = 7AD71FFE207C5E58004067FD;
			productRefGroup = 7AD72008207C5E58004067FD /* Products */;
			projectDirPath = "";
			projectRoot = "";
			targets = (
				7AD72006207C5E58004067FD /* yuanhu */,
				7AD7201A207C5E58004067FD /* yuanhuTests */,
				7AD72025207C5E58004067FD /* yuanhuUITests */,
			);
		};
/* End PBXProject section */

/* Begin PBXResourcesBuildPhase section */
		7AD72005207C5E58004067FD /* Resources */ = {
			isa = PBXResourcesBuildPhase;
			buildActionMask = 2147483647;
			files = (
				7AD72015207C5E58004067FD /* LaunchScreen.storyboard in Resources */,
				7AD72012207C5E58004067FD /* Assets.xcassets in Resources */,
				7AD72010207C5E58004067FD /* Main.storyboard in Resources */,
			);
			runOnlyForDeploymentPostprocessing = 0;
		};
		7AD72019207C5E58004067FD /* Resources */ = {
			isa = PBXResourcesBuildPhase;
			buildActionMask = 2147483647;
			files = (
			);
			runOnlyForDeploymentPostprocessing = 0;
		};
		7AD72024207C5E58004067FD /* Resources */ = {
			isa = PBXResourcesBuildPhase;
			buildActionMask = 2147483647;
			files = (
			);
			runOnlyForDeploymentPostprocessing = 0;
		};
/* End PBXResourcesBuildPhase section */

/* Begin PBXSourcesBuildPhase section */
		7AD72003207C5E58004067FD /* Sources */ = {
			isa = PBXSourcesBuildPhase;
			buildActionMask = 2147483647;
			files = (
				7AD720C6207DA982004067FD /* FCCycleView.swift in Sources */,
				7AD7200D207C5E58004067FD /* ViewController.swift in Sources */,
				7AD7200B207C5E58004067FD /* AppDelegate.swift in Sources */,
			);
			runOnlyForDeploymentPostprocessing = 0;
		};
		7AD72017207C5E58004067FD /* Sources */ = {
			isa = PBXSourcesBuildPhase;
			buildActionMask = 2147483647;
			files = (
				7AD72020207C5E58004067FD /* yuanhuTests.swift in Sources */,
			);
			runOnlyForDeploymentPostprocessing = 0;
		};
		7AD72022207C5E58004067FD /* Sources */ = {
			isa = PBXSourcesBuildPhase;
			buildActionMask = 2147483647;
			files = (
				7AD7202B207C5E58004067FD /* yuanhuUITests.swift in Sources */,
			);
			runOnlyForDeploymentPostprocessing = 0;
		};
/* End PBXSourcesBuildPhase section */

/* Begin PBXTargetDependency section */
		7AD7201D207C5E58004067FD /* PBXTargetDependency */ = {
			isa = PBXTargetDependency;
			target = 7AD72006207C5E58004067FD /* yuanhu */;
			targetProxy = 7AD7201C207C5E58004067FD /* PBXContainerItemProxy */;
		};
		7AD72028207C5E58004067FD /* PBXTargetDependency */ = {
			isa = PBXTargetDependency;
			target = 7AD72006207C5E58004067FD /* yuanhu */;
			targetProxy = 7AD72027207C5E58004067FD /* PBXContainerItemProxy */;
		};
/* End PBXTargetDependency section */

/* Begin PBXVariantGroup section */
		7AD7200E207C5E58004067FD /* Main.storyboard */ = {
			isa = PBXVariantGroup;
			children = (
				7AD7200F207C5E58004067FD /* Base */,
			);
			name = Main.storyboard;
			sourceTree = "<group>";
		};
		7AD72013207C5E58004067FD /* LaunchScreen.storyboard */ = {
			isa = PBXVariantGroup;
			children = (
				7AD72014207C5E58004067FD /* Base */,
			);
			name = LaunchScreen.storyboard;
			sourceTree = "<group>";
		};
/* End PBXVariantGroup section */

/* Begin XCBuildConfiguration section */
		7AD7202D207C5E58004067FD /* Debug */ = {
			isa = XCBuildConfiguration;
			buildSettings = {
				ALWAYS_SEARCH_USER_PATHS = NO;
				CLANG_ANALYZER_NONNULL = YES;
				CLANG_ANALYZER_NUMBER_OBJECT_CONVERSION = YES_AGGRESSIVE;
				CLANG_CXX_LANGUAGE_STANDARD = "gnu++14";
				CLANG_CXX_LIBRARY = "libc++";
				CLANG_ENABLE_MODULES = YES;
				CLANG_ENABLE_OBJC_ARC = YES;
				CLANG_WARN_BLOCK_CAPTURE_AUTORELEASING = YES;
				CLANG_WARN_BOOL_CONVERSION = YES;
				CLANG_WARN_COMMA = YES;
				CLANG_WARN_CONSTANT_CONVERSION = YES;
				CLANG_WARN_DIRECT_OBJC_ISA_USAGE = YES_ERROR;
				CLANG_WARN_DOCUMENTATION_COMMENTS = YES;
				CLANG_WARN_EMPTY_BODY = YES;
				CLANG_WARN_ENUM_CONVERSION = YES;
				CLANG_WARN_INFINITE_RECURSION = YES;
				CLANG_WARN_INT_CONVERSION = YES;
				CLANG_WARN_NON_LITERAL_NULL_CONVERSION = YES;
				CLANG_WARN_OBJC_LITERAL_CONVERSION = YES;
				CLANG_WARN_OBJC_ROOT_CLASS = YES_ERROR;
				CLANG_WARN_RANGE_LOOP_ANALYSIS = YES;
				CLANG_WARN_STRICT_PROTOTYPES = YES;
				CLANG_WARN_SUSPICIOUS_MOVE = YES;
				CLANG_WARN_UNGUARDED_AVAILABILITY = YES_AGGRESSIVE;
				CLANG_WARN_UNREACHABLE_CODE = YES;
				CLANG_WARN__DUPLICATE_METHOD_MATCH = YES;
				CODE_SIGN_IDENTITY = "iPhone Developer";
				COPY_PHASE_STRIP = NO;
				DEBUG_INFORMATION_FORMAT = dwarf;
				ENABLE_STRICT_OBJC_MSGSEND = YES;
				ENABLE_TESTABILITY = YES;
				GCC_C_LANGUAGE_STANDARD = gnu11;
				GCC_DYNAMIC_NO_PIC = NO;
				GCC_NO_COMMON_BLOCKS = YES;
				GCC_OPTIMIZATION_LEVEL = 0;
				GCC_PREPROCESSOR_DEFINITIONS = (
					"DEBUG=1",
					"$(inherited)",
				);
				GCC_WARN_64_TO_32_BIT_CONVERSION = YES;
				GCC_WARN_ABOUT_RETURN_TYPE = YES_ERROR;
				GCC_WARN_UNDECLARED_SELECTOR = YES;
				GCC_WARN_UNINITIALIZED_AUTOS = YES_AGGRESSIVE;
				GCC_WARN_UNUSED_FUNCTION = YES;
				GCC_WARN_UNUSED_VARIABLE = YES;
				IPHONEOS_DEPLOYMENT_TARGET = 11.2;
				MTL_ENABLE_DEBUG_INFO = YES;
				ONLY_ACTIVE_ARCH = YES;
				SDKROOT = iphoneos;
				SWIFT_ACTIVE_COMPILATION_CONDITIONS = DEBUG;
				SWIFT_OPTIMIZATION_LEVEL = "-Onone";
			};
			name = Debug;
		};
		7AD7202E207C5E58004067FD /* Release */ = {
			isa = XCBuildConfiguration;
			buildSettings = {
				ALWAYS_SEARCH_USER_PATHS = NO;
				CLANG_ANALYZER_NONNULL = YES;
				CLANG_ANALYZER_NUMBER_OBJECT_CONVERSION = YES_AGGRESSIVE;
				CLANG_CXX_LANGUAGE_STANDARD = "gnu++14";
				CLANG_CXX_LIBRARY = "libc++";
				CLANG_ENABLE_MODULES = YES;
				CLANG_ENABLE_OBJC_ARC = YES;
				CLANG_WARN_BLOCK_CAPTURE_AUTORELEASING = YES;
				CLANG_WARN_BOOL_CONVERSION = YES;
				CLANG_WARN_COMMA = YES;
				CLANG_WARN_CONSTANT_CONVERSION = YES;
				CLANG_WARN_DIRECT_OBJC_ISA_USAGE = YES_ERROR;
				CLANG_WARN_DOCUMENTATION_COMMENTS = YES;
				CLANG_WARN_EMPTY_BODY = YES;
				CLANG_WARN_ENUM_CONVERSION = YES;
				CLANG_WARN_INFINITE_RECURSION = YES;
				CLANG_WARN_INT_CONVERSION = YES;
				CLANG_WARN_NON_LITERAL_NULL_CONVERSION = YES;
				CLANG_WARN_OBJC_LITERAL_CONVERSION = YES;
				CLANG_WARN_OBJC_ROOT_CLASS = YES_ERROR;
				CLANG_WARN_RANGE_LOOP_ANALYSIS = YES;
				CLANG_WARN_STRICT_PROTOTYPES = YES;
				CLANG_WARN_SUSPICIOUS_MOVE = YES;
				CLANG_WARN_UNGUARDED_AVAILABILITY = YES_AGGRESSIVE;
				CLANG_WARN_UNREACHABLE_CODE = YES;
				CLANG_WARN__DUPLICATE_METHOD_MATCH = YES;
				CODE_SIGN_IDENTITY = "iPhone Developer";
				COPY_PHASE_STRIP = NO;
				DEBUG_INFORMATION_FORMAT = "dwarf-with-dsym";
				ENABLE_NS_ASSERTIONS = NO;
				ENABLE_STRICT_OBJC_MSGSEND = YES;
				GCC_C_LANGUAGE_STANDARD = gnu11;
				GCC_NO_COMMON_BLOCKS = YES;
				GCC_WARN_64_TO_32_BIT_CONVERSION = YES;
				GCC_WARN_ABOUT_RETURN_TYPE = YES_ERROR;
				GCC_WARN_UNDECLARED_SELECTOR = YES;
				GCC_WARN_UNINITIALIZED_AUTOS = YES_AGGRESSIVE;
				GCC_WARN_UNUSED_FUNCTION = YES;
				GCC_WARN_UNUSED_VARIABLE = YES;
				IPHONEOS_DEPLOYMENT_TARGET = 11.2;
				MTL_ENABLE_DEBUG_INFO = NO;
				SDKROOT = iphoneos;
				SWIFT_OPTIMIZATION_LEVEL = "-Owholemodule";
				VALIDATE_PRODUCT = YES;
			};
			name = Release;
		};
		7AD72030207C5E58004067FD /* Debug */ = {
			isa = XCBuildConfiguration;
			buildSettings = {
				ASSETCATALOG_COMPILER_APPICON_NAME = AppIcon;
				CLANG_ENABLE_MODULES = YES;
				CODE_SIGN_STYLE = Automatic;
				INFOPLIST_FILE = yuanhu/Info.plist;
				LD_RUNPATH_SEARCH_PATHS = "$(inherited) @executable_path/Frameworks";
				PRODUCT_BUNDLE_IDENTIFIER = com.wyzw.ww.yuanhu;
				PRODUCT_NAME = "$(TARGET_NAME)";
				SWIFT_OBJC_BRIDGING_HEADER = "";
				SWIFT_OPTIMIZATION_LEVEL = "-Onone";
				SWIFT_VERSION = 4.0;
				TARGETED_DEVICE_FAMILY = "1,2";
			};
			name = Debug;
		};
		7AD72031207C5E58004067FD /* Release */ = {
			isa = XCBuildConfiguration;
			buildSettings = {
				ASSETCATALOG_COMPILER_APPICON_NAME = AppIcon;
				CLANG_ENABLE_MODULES = YES;
				CODE_SIGN_STYLE = Automatic;
				INFOPLIST_FILE = yuanhu/Info.plist;
				LD_RUNPATH_SEARCH_PATHS = "$(inherited) @executable_path/Frameworks";
				PRODUCT_BUNDLE_IDENTIFIER = com.wyzw.ww.yuanhu;
				PRODUCT_NAME = "$(TARGET_NAME)";
				SWIFT_OBJC_BRIDGING_HEADER = "";
				SWIFT_VERSION = 4.0;
				TARGETED_DEVICE_FAMILY = "1,2";
			};
			name = Release;
		};
		7AD72033207C5E58004067FD /* Debug */ = {
			isa = XCBuildConfiguration;
			buildSettings = {
				ALWAYS_EMBED_SWIFT_STANDARD_LIBRARIES = YES;
				BUNDLE_LOADER = "$(TEST_HOST)";
				CODE_SIGN_STYLE = Automatic;
				INFOPLIST_FILE = yuanhuTests/Info.plist;
				LD_RUNPATH_SEARCH_PATHS = "$(inherited) @executable_path/Frameworks @loader_path/Frameworks";
				PRODUCT_BUNDLE_IDENTIFIER = com.wyzw.ww.yuanhuTests;
				PRODUCT_NAME = "$(TARGET_NAME)";
				SWIFT_VERSION = 4.0;
				TARGETED_DEVICE_FAMILY = "1,2";
				TEST_HOST = "$(BUILT_PRODUCTS_DIR)/yuanhu.app/yuanhu";
			};
			name = Debug;
		};
		7AD72034207C5E58004067FD /* Release */ = {
			isa = XCBuildConfiguration;
			buildSettings = {
				ALWAYS_EMBED_SWIFT_STANDARD_LIBRARIES = YES;
				BUNDLE_LOADER = "$(TEST_HOST)";
				CODE_SIGN_STYLE = Automatic;
				INFOPLIST_FILE = yuanhuTests/Info.plist;
				LD_RUNPATH_SEARCH_PATHS = "$(inherited) @executable_path/Frameworks @loader_path/Frameworks";
				PRODUCT_BUNDLE_IDENTIFIER = com.wyzw.ww.yuanhuTests;
				PRODUCT_NAME = "$(TARGET_NAME)";
				SWIFT_VERSION = 4.0;
				TARGETED_DEVICE_FAMILY = "1,2";
				TEST_HOST = "$(BUILT_PRODUCTS_DIR)/yuanhu.app/yuanhu";
			};
			name = Release;
		};
		7AD72036207C5E58004067FD /* Debug */ = {
			isa = XCBuildConfiguration;
			buildSettings = {
				ALWAYS_EMBED_SWIFT_STANDARD_LIBRARIES = YES;
				CODE_SIGN_STYLE = Automatic;
				INFOPLIST_FILE = yuanhuUITests/Info.plist;
				LD_RUNPATH_SEARCH_PATHS = "$(inherited) @executable_path/Frameworks @loader_path/Frameworks";
				PRODUCT_BUNDLE_IDENTIFIER = com.wyzw.ww.yuanhuUITests;
				PRODUCT_NAME = "$(TARGET_NAME)";
				SWIFT_VERSION = 4.0;
				TARGETED_DEVICE_FAMILY = "1,2";
				TEST_TARGET_NAME = yuanhu;
			};
			name = Debug;
		};
		7AD72037207C5E58004067FD /* Release */ = {
			isa = XCBuildConfiguration;
			buildSettings = {
				ALWAYS_EMBED_SWIFT_STANDARD_LIBRARIES = YES;
				CODE_SIGN_STYLE = Automatic;
				INFOPLIST_FILE = yuanhuUITests/Info.plist;
				LD_RUNPATH_SEARCH_PATHS = "$(inherited) @executable_path/Frameworks @loader_path/Frameworks";
				PRODUCT_BUNDLE_IDENTIFIER = com.wyzw.ww.yuanhuUITests;
				PRODUCT_NAME = "$(TARGET_NAME)";
				SWIFT_VERSION = 4.0;
				TARGETED_DEVICE_FAMILY = "1,2";
				TEST_TARGET_NAME = yuanhu;
			};
			name = Release;
		};
/* End XCBuildConfiguration section */

/* Begin XCConfigurationList section */
		7AD72002207C5E58004067FD /* Build configuration list for PBXProject "yuanhu" */ = {
			isa = XCConfigurationList;
			buildConfigurations = (
				7AD7202D207C5E58004067FD /* Debug */,
				7AD7202E207C5E58004067FD /* Release */,
			);
			defaultConfigurationIsVisible = 0;
			defaultConfigurationName = Release;
		};
		7AD7202F207C5E58004067FD /* Build configuration list for PBXNativeTarget "yuanhu" */ = {
			isa = XCConfigurationList;
			buildConfigurations = (
				7AD72030207C5E58004067FD /* Debug */,
				7AD72031207C5E58004067FD /* Release */,
			);
			defaultConfigurationIsVisible = 0;
			defaultConfigurationName = Release;
		};
		7AD72032207C5E58004067FD /* Build configuration list for PBXNativeTarget "yuanhuTests" */ = {
			isa = XCConfigurationList;
			buildConfigurations = (
				7AD72033207C5E58004067FD /* Debug */,
				7AD72034207C5E58004067FD /* Release */,
			);
			defaultConfigurationIsVisible = 0;
			defaultConfigurationName = Release;
		};
		7AD72035207C5E58004067FD /* Build configuration list for PBXNativeTarget "yuanhuUITests" */ = {
			isa = XCConfigurationList;
			buildConfigurations = (
				7AD72036207C5E58004067FD /* Debug */,
				7AD72037207C5E58004067FD /* Release */,
			);
			defaultConfigurationIsVisible = 0;
			defaultConfigurationName = Release;
		};
/* End XCConfigurationList section */
	};
	rootObject = 7AD71FFF207C5E58004067FD /* Project object */;
}
